# This file is automatically @generated by Cargo.
# It is not intended for manual editing.
[[package]]
name = "cc"
version = "1.0.59"
source = "registry+https://github.com/rust-lang/crates.io-index"
checksum = "66120af515773fb005778dc07c261bd201ec8ce50bd6e7144c927753fe013381"

[[package]]
name = "libc"
version = "0.2.76"
source = "registry+https://github.com/rust-lang/crates.io-index"
checksum = "755456fae044e6fa1ebbbd1b3e902ae19e73097ed4ed87bb79934a867c007bc3"

[[package]]
name = "normal"
version = "0.1.0"
dependencies = [
 "sqlite",
]

[[package]]
name = "pkg-config"
version = "0.3.18"
source = "registry+https://github.com/rust-lang/crates.io-index"
checksum = "d36492546b6af1463394d46f0c834346f31548646f6ba10849802c9c9a27ac33"

[[package]]
name = "sqlite"
version = "0.25.3"
source = "registry+https://github.com/rust-lang/crates.io-index"
checksum = "35f759dc2e373e1edd0a27da87aa9136416360c5077a23643fcd6fcdc9cb9e31"
dependencies = [
 "libc",
 "sqlite3-sys",
]

[[package]]
name = "sqlite3-src"
version = "0.2.12"
source = "registry+https://github.com/rust-lang/crates.io-index"
checksum = "b8bb25e66d026488228a97e0ad21e3d15ec5998dcd9ad73c97cc277c56a6b314"
dependencies = [
 "cc",
 "pkg-config",
]

[[package]]
name = "sqlite3-sys"
version = "0.12.0"
source = "registry+https://github.com/rust-lang/crates.io-index"
checksum = "71fec807a1534bd13eeaaec396175d67c79bdc68df55e18a452726ec62a8fb08"
dependencies = [
 "libc",
 "sqlite3-src",
]
